
Microsoft Visual Studio Solution File, Format Version 12.00
# Visual Studio 14
VisualStudioVersion = 14.0.23107.0
MinimumVisualStudioVersion = 10.0.40219.1
Project("{FAE04EC0-301F-11D3-BF4B-00C04F79EFBC}") = "LabLife", "LabLife\LabLife.csproj", "{0F3C7920-085C-455A-9A87-0BA8A6440456}"
EndProject
Project("{FAE04EC0-301F-11D3-BF4B-00C04F79EFBC}") = "UDPDepthTest", "UDPDepthTest\UDPDepthTest.csproj", "{16BCAC7B-6066-473E-98DA-0C01E596CFB8}"
EndProject
Project("{FAE04EC0-301F-11D3-BF4B-00C04F79EFBC}") = "JPGPNGReceiveDecordeTest", "JPGPNGReceiveDecordeTest\JPGPNGReceiveDecordeTest.csproj", "{A8EB1A64-3498-4CEA-9747-E4F1D11F1CD1}"
EndProject
Global
	GlobalSection(SolutionConfigurationPlatforms) = preSolution
		Debug|Any CPU = Debug|Any CPU
		Release|Any CPU = Release|Any CPU
	EndGlobalSection
	GlobalSection(ProjectConfigurationPlatforms) = postSolution
		{0F3C7920-085C-455A-9A87-0BA8A6440456}.Debug|Any CPU.ActiveCfg = Debug|Any CPU
		{0F3C7920-085C-455A-9A87-0BA8A6440456}.Debug|Any CPU.Build.0 = Debug|Any CPU
		{0F3C7920-085C-455A-9A87-0BA8A6440456}.Release|Any CPU.ActiveCfg = Release|Any CPU
		{0F3C7920-085C-455A-9A87-0BA8A6440456}.Release|Any CPU.Build.0 = Release|Any CPU
		{16BCAC7B-6066-473E-98DA-0C01E596CFB8}.Debug|Any CPU.ActiveCfg = Debug|Any CPU
		{16BCAC7B-6066-473E-98DA-0C01E596CFB8}.Debug|Any CPU.Build.0 = Debug|Any CPU
		{16BCAC7B-6066-473E-98DA-0C01E596CFB8}.Release|Any CPU.ActiveCfg = Release|Any CPU
		{16BCAC7B-6066-473E-98DA-0C01E596CFB8}.Release|Any CPU.Build.0 = Release|Any CPU
		{A8EB1A64-3498-4CEA-9747-E4F1D11F1CD1}.Debug|Any CPU.ActiveCfg = Debug|Any CPU
		{A8EB1A64-3498-4CEA-9747-E4F1D11F1CD1}.Debug|Any CPU.Build.0 = Debug|Any CPU
		{A8EB1A64-3498-4CEA-9747-E4F1D11F1CD1}.Release|Any CPU.ActiveCfg = Release|Any CPU
		{A8EB1A64-3498-4CEA-9747-E4F1D11F1CD1}.Release|Any CPU.Build.0 = Release|Any CPU
	EndGlobalSection
	GlobalSection(SolutionProperties) = preSolution
		HideSolutionNode = FALSE
	EndGlobalSection
EndGlobal
