
Microsoft Visual Studio Solution File, Format Version 12.00
# Visual Studio 14
VisualStudioVersion = 14.0.23107.0
MinimumVisualStudioVersion = 10.0.40219.1
Project("{FAE04EC0-301F-11D3-BF4B-00C04F79EFBC}") = "LabLife", "LabLife\LabLife.csproj", "{0F3C7920-085C-455A-9A87-0BA8A6440456}"
EndProject
Project("{FAE04EC0-301F-11D3-BF4B-00C04F79EFBC}") = "UDPDepthTest", "UDPDepthTest\UDPDepthTest.csproj", "{16BCAC7B-6066-473E-98DA-0C01E596CFB8}"
EndProject
Project("{FAE04EC0-301F-11D3-BF4B-00C04F79EFBC}") = "JPGPNGReceiveDecordeTest", "JPGPNGReceiveDecordeTest\JPGPNGReceiveDecordeTest.csproj", "{A8EB1A64-3498-4CEA-9747-E4F1D11F1CD1}"
EndProject
Project("{FAE04EC0-301F-11D3-BF4B-00C04F79EFBC}") = "CIPC_CS", "..\CIPCSystem\CIPCClient\CIPC_CS\CIPC_CS\CIPC_CS.csproj", "{B98D919A-06A5-4DB5-B79B-92C30497E83E}"
EndProject
Project("{FAE04EC0-301F-11D3-BF4B-00C04F79EFBC}") = "CentralInterProcessCommunicationServer", "..\CIPCSystem\CentralInterProcessComunicationServer\CentralInterProcessComunicationServer\CentralInterProcessCommunicationServer.csproj", "{8CB97B5B-242E-46AF-9278-8D3B97607560}"
EndProject
Project("{FAE04EC0-301F-11D3-BF4B-00C04F79EFBC}") = "UDP_PACKETS_MAKER", "..\CIPCSystem\UdpDllsCS\UDP_PACKETS_CODER\UDP_PACKETS_CODER\UDP_PACKETS_MAKER.csproj", "{308FB561-55F7-41A1-BFE0-F47652B0FE22}"
EndProject
Project("{FAE04EC0-301F-11D3-BF4B-00C04F79EFBC}") = "UDP_PACKETS_CLIANT", "..\CIPCSystem\UdpDllsCS\UDP_PACKETS_CLIANT\UDP_PACKETS_CLIANT\UDP_PACKETS_CLIANT.csproj", "{4797C667-4908-430A-9796-9D5B095810B6}"
EndProject
Project("{FAE04EC0-301F-11D3-BF4B-00C04F79EFBC}") = "CIPCTerminal", "..\CIPCSystem\CentralInterProcessComunicationServer\CIPCTerminal\CIPCTerminal.csproj", "{95104DCE-0668-43F1-A76B-C4C3E6A7399B}"
EndProject
Project("{FAE04EC0-301F-11D3-BF4B-00C04F79EFBC}") = "TerminalConnectionSettings", "..\CIPCSystem\CentralInterProcessComunicationServer\TerminalConnectionSettings\TerminalConnectionSettings.csproj", "{2ACB6A94-3875-487A-8DF1-0084A628D556}"
EndProject
Project("{FAE04EC0-301F-11D3-BF4B-00C04F79EFBC}") = "FPSAdjuster", "..\CIPCSystem\FPSAdjuster\FPSAdjuster\FPSAdjuster.csproj", "{3026A57B-2010-4756-935D-6883926E46ED}"
EndProject
Project("{FAE04EC0-301F-11D3-BF4B-00C04F79EFBC}") = "StreamController", "..\CIPCSystem\CentralInterProcessComunicationServer\StreamController\StreamController.csproj", "{383997CE-AB1A-4128-A63B-3BE75965531C}"
EndProject
Project("{FAE04EC0-301F-11D3-BF4B-00C04F79EFBC}") = "ArduinoCommunication", "..\CIPCSystem\CentralInterProcessComunicationServer\ArduinoCommunication\ArduinoCommunication.csproj", "{2D0897E7-010B-448A-B2FF-C4024537804F}"
EndProject
Project("{FAE04EC0-301F-11D3-BF4B-00C04F79EFBC}") = "StreamAnalyzer", "..\CIPCSystem\CentralInterProcessComunicationServer\StreamAnalyzer\StreamAnalyzer.csproj", "{A9F224F7-F36A-46C6-8903-F4A7CC194D39}"
EndProject
Global
	GlobalSection(SolutionConfigurationPlatforms) = preSolution
		Debug|Any CPU = Debug|Any CPU
		Release|Any CPU = Release|Any CPU
	EndGlobalSection
	GlobalSection(ProjectConfigurationPlatforms) = postSolution
		{0F3C7920-085C-455A-9A87-0BA8A6440456}.Debug|Any CPU.ActiveCfg = Debug|Any CPU
		{0F3C7920-085C-455A-9A87-0BA8A6440456}.Debug|Any CPU.Build.0 = Debug|Any CPU
		{0F3C7920-085C-455A-9A87-0BA8A6440456}.Release|Any CPU.ActiveCfg = Release|Any CPU
		{0F3C7920-085C-455A-9A87-0BA8A6440456}.Release|Any CPU.Build.0 = Release|Any CPU
		{16BCAC7B-6066-473E-98DA-0C01E596CFB8}.Debug|Any CPU.ActiveCfg = Debug|Any CPU
		{16BCAC7B-6066-473E-98DA-0C01E596CFB8}.Debug|Any CPU.Build.0 = Debug|Any CPU
		{16BCAC7B-6066-473E-98DA-0C01E596CFB8}.Release|Any CPU.ActiveCfg = Release|Any CPU
		{16BCAC7B-6066-473E-98DA-0C01E596CFB8}.Release|Any CPU.Build.0 = Release|Any CPU
		{A8EB1A64-3498-4CEA-9747-E4F1D11F1CD1}.Debug|Any CPU.ActiveCfg = Debug|Any CPU
		{A8EB1A64-3498-4CEA-9747-E4F1D11F1CD1}.Debug|Any CPU.Build.0 = Debug|Any CPU
		{A8EB1A64-3498-4CEA-9747-E4F1D11F1CD1}.Release|Any CPU.ActiveCfg = Release|Any CPU
		{A8EB1A64-3498-4CEA-9747-E4F1D11F1CD1}.Release|Any CPU.Build.0 = Release|Any CPU
		{B98D919A-06A5-4DB5-B79B-92C30497E83E}.Debug|Any CPU.ActiveCfg = Debug|Any CPU
		{B98D919A-06A5-4DB5-B79B-92C30497E83E}.Debug|Any CPU.Build.0 = Debug|Any CPU
		{B98D919A-06A5-4DB5-B79B-92C30497E83E}.Release|Any CPU.ActiveCfg = Release|Any CPU
		{B98D919A-06A5-4DB5-B79B-92C30497E83E}.Release|Any CPU.Build.0 = Release|Any CPU
		{8CB97B5B-242E-46AF-9278-8D3B97607560}.Debug|Any CPU.ActiveCfg = Debug|Any CPU
		{8CB97B5B-242E-46AF-9278-8D3B97607560}.Debug|Any CPU.Build.0 = Debug|Any CPU
		{8CB97B5B-242E-46AF-9278-8D3B97607560}.Release|Any CPU.ActiveCfg = Release|Any CPU
		{8CB97B5B-242E-46AF-9278-8D3B97607560}.Release|Any CPU.Build.0 = Release|Any CPU
		{308FB561-55F7-41A1-BFE0-F47652B0FE22}.Debug|Any CPU.ActiveCfg = Debug|Any CPU
		{308FB561-55F7-41A1-BFE0-F47652B0FE22}.Debug|Any CPU.Build.0 = Debug|Any CPU
		{308FB561-55F7-41A1-BFE0-F47652B0FE22}.Release|Any CPU.ActiveCfg = Release|Any CPU
		{308FB561-55F7-41A1-BFE0-F47652B0FE22}.Release|Any CPU.Build.0 = Release|Any CPU
		{4797C667-4908-430A-9796-9D5B095810B6}.Debug|Any CPU.ActiveCfg = Debug|Any CPU
		{4797C667-4908-430A-9796-9D5B095810B6}.Debug|Any CPU.Build.0 = Debug|Any CPU
		{4797C667-4908-430A-9796-9D5B095810B6}.Release|Any CPU.ActiveCfg = Release|Any CPU
		{4797C667-4908-430A-9796-9D5B095810B6}.Release|Any CPU.Build.0 = Release|Any CPU
		{95104DCE-0668-43F1-A76B-C4C3E6A7399B}.Debug|Any CPU.ActiveCfg = Debug|Any CPU
		{95104DCE-0668-43F1-A76B-C4C3E6A7399B}.Debug|Any CPU.Build.0 = Debug|Any CPU
		{95104DCE-0668-43F1-A76B-C4C3E6A7399B}.Release|Any CPU.ActiveCfg = Release|Any CPU
		{95104DCE-0668-43F1-A76B-C4C3E6A7399B}.Release|Any CPU.Build.0 = Release|Any CPU
		{2ACB6A94-3875-487A-8DF1-0084A628D556}.Debug|Any CPU.ActiveCfg = Debug|Any CPU
		{2ACB6A94-3875-487A-8DF1-0084A628D556}.Debug|Any CPU.Build.0 = Debug|Any CPU
		{2ACB6A94-3875-487A-8DF1-0084A628D556}.Release|Any CPU.ActiveCfg = Release|Any CPU
		{2ACB6A94-3875-487A-8DF1-0084A628D556}.Release|Any CPU.Build.0 = Release|Any CPU
		{3026A57B-2010-4756-935D-6883926E46ED}.Debug|Any CPU.ActiveCfg = Debug|Any CPU
		{3026A57B-2010-4756-935D-6883926E46ED}.Debug|Any CPU.Build.0 = Debug|Any CPU
		{3026A57B-2010-4756-935D-6883926E46ED}.Release|Any CPU.ActiveCfg = Release|Any CPU
		{3026A57B-2010-4756-935D-6883926E46ED}.Release|Any CPU.Build.0 = Release|Any CPU
		{383997CE-AB1A-4128-A63B-3BE75965531C}.Debug|Any CPU.ActiveCfg = Debug|Any CPU
		{383997CE-AB1A-4128-A63B-3BE75965531C}.Debug|Any CPU.Build.0 = Debug|Any CPU
		{383997CE-AB1A-4128-A63B-3BE75965531C}.Release|Any CPU.ActiveCfg = Release|Any CPU
		{383997CE-AB1A-4128-A63B-3BE75965531C}.Release|Any CPU.Build.0 = Release|Any CPU
		{2D0897E7-010B-448A-B2FF-C4024537804F}.Debug|Any CPU.ActiveCfg = Debug|Any CPU
		{2D0897E7-010B-448A-B2FF-C4024537804F}.Debug|Any CPU.Build.0 = Debug|Any CPU
		{2D0897E7-010B-448A-B2FF-C4024537804F}.Release|Any CPU.ActiveCfg = Release|Any CPU
		{2D0897E7-010B-448A-B2FF-C4024537804F}.Release|Any CPU.Build.0 = Release|Any CPU
		{A9F224F7-F36A-46C6-8903-F4A7CC194D39}.Debug|Any CPU.ActiveCfg = Debug|Any CPU
		{A9F224F7-F36A-46C6-8903-F4A7CC194D39}.Debug|Any CPU.Build.0 = Debug|Any CPU
		{A9F224F7-F36A-46C6-8903-F4A7CC194D39}.Release|Any CPU.ActiveCfg = Release|Any CPU
		{A9F224F7-F36A-46C6-8903-F4A7CC194D39}.Release|Any CPU.Build.0 = Release|Any CPU
	EndGlobalSection
	GlobalSection(SolutionProperties) = preSolution
		HideSolutionNode = FALSE
	EndGlobalSection
EndGlobal
