
Microsoft Visual Studio Solution File, Format Version 12.00
# Visual Studio 2015
Project("{FAE04EC0-301F-11D3-BF4B-00C04F79EFBC}") = "ShdowRobot.CSharp.Plugins", "ShdowRobot.CSharp.Plugins.csproj", "{A915B91A-7222-DDDA-DDEA-92C16F0149C7}"
EndProject
Project("{FAE04EC0-301F-11D3-BF4B-00C04F79EFBC}") = "ShdowRobot.CSharp", "ShdowRobot.CSharp.csproj", "{46CF888A-7FA9-B4F6-F8A7-078AB0D5C540}"
EndProject
Project("{FAE04EC0-301F-11D3-BF4B-00C04F79EFBC}") = "ShdowRobot.CSharp.Editor.Plugins", "ShdowRobot.CSharp.Editor.Plugins.csproj", "{7F3E6BCB-EDA4-87B0-FDE2-3B04EE263647}"
EndProject
Project("{FAE04EC0-301F-11D3-BF4B-00C04F79EFBC}") = "ShdowRobot.CSharp.Editor", "ShdowRobot.CSharp.Editor.csproj", "{1661C0DF-DC14-2805-A641-D6793C09491C}"
EndProject
Global
	GlobalSection(SolutionConfigurationPlatforms) = preSolution
		Debug|Any CPU = Debug|Any CPU
		Release|Any CPU = Release|Any CPU
	EndGlobalSection
	GlobalSection(ProjectConfigurationPlatforms) = postSolution
		{A915B91A-7222-DDDA-DDEA-92C16F0149C7}.Debug|Any CPU.ActiveCfg = Debug|Any CPU
		{A915B91A-7222-DDDA-DDEA-92C16F0149C7}.Debug|Any CPU.Build.0 = Debug|Any CPU
		{A915B91A-7222-DDDA-DDEA-92C16F0149C7}.Release|Any CPU.ActiveCfg = Release|Any CPU
		{A915B91A-7222-DDDA-DDEA-92C16F0149C7}.Release|Any CPU.Build.0 = Release|Any CPU
		{46CF888A-7FA9-B4F6-F8A7-078AB0D5C540}.Debug|Any CPU.ActiveCfg = Debug|Any CPU
		{46CF888A-7FA9-B4F6-F8A7-078AB0D5C540}.Debug|Any CPU.Build.0 = Debug|Any CPU
		{46CF888A-7FA9-B4F6-F8A7-078AB0D5C540}.Release|Any CPU.ActiveCfg = Release|Any CPU
		{46CF888A-7FA9-B4F6-F8A7-078AB0D5C540}.Release|Any CPU.Build.0 = Release|Any CPU
		{7F3E6BCB-EDA4-87B0-FDE2-3B04EE263647}.Debug|Any CPU.ActiveCfg = Debug|Any CPU
		{7F3E6BCB-EDA4-87B0-FDE2-3B04EE263647}.Debug|Any CPU.Build.0 = Debug|Any CPU
		{7F3E6BCB-EDA4-87B0-FDE2-3B04EE263647}.Release|Any CPU.ActiveCfg = Release|Any CPU
		{7F3E6BCB-EDA4-87B0-FDE2-3B04EE263647}.Release|Any CPU.Build.0 = Release|Any CPU
		{1661C0DF-DC14-2805-A641-D6793C09491C}.Debug|Any CPU.ActiveCfg = Debug|Any CPU
		{1661C0DF-DC14-2805-A641-D6793C09491C}.Debug|Any CPU.Build.0 = Debug|Any CPU
		{1661C0DF-DC14-2805-A641-D6793C09491C}.Release|Any CPU.ActiveCfg = Release|Any CPU
		{1661C0DF-DC14-2805-A641-D6793C09491C}.Release|Any CPU.Build.0 = Release|Any CPU
	EndGlobalSection
	GlobalSection(SolutionProperties) = preSolution
		HideSolutionNode = FALSE
	EndGlobalSection
EndGlobal
