
Microsoft Visual Studio Solution File, Format Version 12.00
# Visual Studio 2013
Project("{FAE04EC0-301F-11D3-BF4B-00C04F79EFBC}") = "UnityVS.PointCloudShadow.CSharp.Plugins", "UnityVS.PointCloudShadow.CSharp.Plugins.csproj", "{950E83E9-5154-95B6-FD4B-E519F07839C3}"
EndProject
Project("{FAE04EC0-301F-11D3-BF4B-00C04F79EFBC}") = "UnityVS.PointCloudShadow.CSharp", "UnityVS.PointCloudShadow.CSharp.csproj", "{344BA1B2-30B1-8C1C-46BE-4BD62F3511AA}"
EndProject
Project("{FAE04EC0-301F-11D3-BF4B-00C04F79EFBC}") = "UnityVS.PointCloudShadow.CSharp.Editor.Plugins", "UnityVS.PointCloudShadow.CSharp.Editor.Plugins.csproj", "{02C8A9A0-70F6-18B7-831A-894C9B0DFAB4}"
EndProject
Global
	GlobalSection(SolutionConfigurationPlatforms) = preSolution
		Debug|Any CPU = Debug|Any CPU
		Release|Any CPU = Release|Any CPU
	EndGlobalSection
	GlobalSection(ProjectConfigurationPlatforms) = postSolution
		{950E83E9-5154-95B6-FD4B-E519F07839C3}.Debug|Any CPU.ActiveCfg = Debug|Any CPU
		{950E83E9-5154-95B6-FD4B-E519F07839C3}.Debug|Any CPU.Build.0 = Debug|Any CPU
		{950E83E9-5154-95B6-FD4B-E519F07839C3}.Release|Any CPU.ActiveCfg = Release|Any CPU
		{950E83E9-5154-95B6-FD4B-E519F07839C3}.Release|Any CPU.Build.0 = Release|Any CPU
		{344BA1B2-30B1-8C1C-46BE-4BD62F3511AA}.Debug|Any CPU.ActiveCfg = Debug|Any CPU
		{344BA1B2-30B1-8C1C-46BE-4BD62F3511AA}.Debug|Any CPU.Build.0 = Debug|Any CPU
		{344BA1B2-30B1-8C1C-46BE-4BD62F3511AA}.Release|Any CPU.ActiveCfg = Release|Any CPU
		{344BA1B2-30B1-8C1C-46BE-4BD62F3511AA}.Release|Any CPU.Build.0 = Release|Any CPU
		{02C8A9A0-70F6-18B7-831A-894C9B0DFAB4}.Debug|Any CPU.ActiveCfg = Debug|Any CPU
		{02C8A9A0-70F6-18B7-831A-894C9B0DFAB4}.Debug|Any CPU.Build.0 = Debug|Any CPU
		{02C8A9A0-70F6-18B7-831A-894C9B0DFAB4}.Release|Any CPU.ActiveCfg = Release|Any CPU
		{02C8A9A0-70F6-18B7-831A-894C9B0DFAB4}.Release|Any CPU.Build.0 = Release|Any CPU
	EndGlobalSection
	GlobalSection(SolutionProperties) = preSolution
		HideSolutionNode = FALSE
	EndGlobalSection
EndGlobal
